{
  "requires": true,
  "lockfileVersion": 1,
  "dependencies": {
    "isomorphic.js": {
      "version": "0.2.5",
      "resolved": "https://registry.npmjs.org/isomorphic.js/-/isomorphic.js-0.2.5.tgz",
      "integrity": "sha512-PIeMbHqMt4DnUP3MA/Flc0HElYjMXArsw1qwJZcm9sqR8mq3l8NYizFMty0pWwE/tzIGH3EKK5+jes5mAr85yw=="
    },
    "lib0": {
      "version": "0.2.52",
      "resolved": "https://registry.npmjs.org/lib0/-/lib0-0.2.52.tgz",
      "integrity": "sha512-CjxlM7UgICfN6b2OPALBXchIBiNk6jE+1g7JP8ha+dh1xKRDSYpH0WQl1+rMqCju49xUnwPG34v4CR5/rPOZhg==",
      "requires": {
        "isomorphic.js": "^0.2.4"
      }
    },
    "lodash.debounce": {
      "version": "4.0.8",
      "resolved": "https://registry.npmjs.org/lodash.debounce/-/lodash.debounce-4.0.8.tgz",
      "integrity": "sha512-FT1yDzDYEoYWhnSGnpE/4Kj1fLZkDFyqRb7fNt6FdYOSxlUWAtp42Eh6Wb0rGIv/m9Bgo7x4GhQbm5Ys4SG5ow=="
    },
    "ws": {
      "version": "8.10.0",
      "resolved": "https://registry.npmjs.org/ws/-/ws-8.10.0.tgz",
      "integrity": "sha512-+s49uSmZpvtAsd2h37vIPy1RBusaLawVe8of+GyEPsaJTCMpj/2v8NpeK1SHXjBlQ95lQTmQofOJnFiLoaN3yw=="
    },
    "y-protocols": {
      "version": "1.0.5",
      "resolved": "https://registry.npmjs.org/y-protocols/-/y-protocols-1.0.5.tgz",
      "integrity": "sha512-Wil92b7cGk712lRHDqS4T90IczF6RkcvCwAD0A2OPg+adKmOe+nOiT/N2hvpQIWS3zfjmtL4CPaH5sIW1Hkm/A==",
      "requires": {
        "lib0": "^0.2.42"
      }
    },
    "yjs": {
      "version": "13.5.42",
      "resolved": "https://registry.npmjs.org/yjs/-/yjs-13.5.42.tgz",
      "integrity": "sha512-3aYBPeUSBUCs/vCOYolbyzhsQ6IDm1DeJgfhHVbW+6kq8YhWjkk2SUhYtBxd3lZPNsqmJGzYH9shKINhSVbEzw==",
      "requires": {
        "lib0": "^0.2.49"
      }
    }
  }
}
